
Microsoft Visual Studio Solution File, Format Version 12.00
# Visual Studio 15
VisualStudioVersion = 15.0.28307.572
MinimumVisualStudioVersion = 10.0.40219.1
Project("{FAE04EC0-301F-11D3-BF4B-00C04F79EFBC}") = "MarksheetApi", "MarksheetApi\MarksheetApi.csproj", "{53674D8A-4D49-46A8-BF83-E6D155999B9A}"
EndProject
Global
	GlobalSection(SolutionConfigurationPlatforms) = preSolution
		Debug|Any CPU = Debug|Any CPU
		Release|Any CPU = Release|Any CPU
	EndGlobalSection
	GlobalSection(ProjectConfigurationPlatforms) = postSolution
		{53674D8A-4D49-46A8-BF83-E6D155999B9A}.Debug|Any CPU.ActiveCfg = Debug|Any CPU
		{53674D8A-4D49-46A8-BF83-E6D155999B9A}.Debug|Any CPU.Build.0 = Debug|Any CPU
		{53674D8A-4D49-46A8-BF83-E6D155999B9A}.Release|Any CPU.ActiveCfg = Release|Any CPU
		{53674D8A-4D49-46A8-BF83-E6D155999B9A}.Release|Any CPU.Build.0 = Release|Any CPU
	EndGlobalSection
	GlobalSection(SolutionProperties) = preSolution
		HideSolutionNode = FALSE
	EndGlobalSection
	GlobalSection(ExtensibilityGlobals) = postSolution
		SolutionGuid = {E40D1D20-6BCD-49BB-9211-568F786ED255}
	EndGlobalSection
EndGlobal
